
Microsoft Visual Studio Solution File, Format Version 12.00
# Visual Studio Version 17
VisualStudioVersion = 17.14.36511.14
MinimumVisualStudioVersion = 10.0.40219.1
Project("{FAE04EC0-301F-11D3-BF4B-00C04F79EFBC}") = "Arcade_mania_backend_webAPI", "Arcade_mania_backend_webAPI\Arcade_mania_backend_webAPI.csproj", "{507C0973-1514-45F0-A5B4-F3772E12963A}"
EndProject
Project("{FAE04EC0-301F-11D3-BF4B-00C04F79EFBC}") = "Arcade_mania_backend_WPF", "Arcade_mania_backend_WPF\Arcade_mania_backend_WPF.csproj", "{5305254B-BB00-4831-BE6C-72D85C74D5A3}"
EndProject
Global
	GlobalSection(SolutionConfigurationPlatforms) = preSolution
		Debug|Any CPU = Debug|Any CPU
		Release|Any CPU = Release|Any CPU
	EndGlobalSection
	GlobalSection(ProjectConfigurationPlatforms) = postSolution
		{507C0973-1514-45F0-A5B4-F3772E12963A}.Debug|Any CPU.ActiveCfg = Debug|Any CPU
		{507C0973-1514-45F0-A5B4-F3772E12963A}.Debug|Any CPU.Build.0 = Debug|Any CPU
		{507C0973-1514-45F0-A5B4-F3772E12963A}.Release|Any CPU.ActiveCfg = Release|Any CPU
		{507C0973-1514-45F0-A5B4-F3772E12963A}.Release|Any CPU.Build.0 = Release|Any CPU
		{5305254B-BB00-4831-BE6C-72D85C74D5A3}.Debug|Any CPU.ActiveCfg = Debug|Any CPU
		{5305254B-BB00-4831-BE6C-72D85C74D5A3}.Debug|Any CPU.Build.0 = Debug|Any CPU
		{5305254B-BB00-4831-BE6C-72D85C74D5A3}.Release|Any CPU.ActiveCfg = Release|Any CPU
		{5305254B-BB00-4831-BE6C-72D85C74D5A3}.Release|Any CPU.Build.0 = Release|Any CPU
	EndGlobalSection
	GlobalSection(SolutionProperties) = preSolution
		HideSolutionNode = FALSE
	EndGlobalSection
	GlobalSection(ExtensibilityGlobals) = postSolution
		SolutionGuid = {8E0706F3-45A3-46C6-A6B7-06DD9BBF5DB1}
	EndGlobalSection
EndGlobal
